
Microsoft Visual Studio Solution File, Format Version 12.00
# Visual Studio Version 17
VisualStudioVersion = 17.0.31903.59
MinimumVisualStudioVersion = 10.0.40219.1
Project("{FAE04EC0-301F-11D3-BF4B-00C04F79EFBC}") = "WeatherForecast.Api", "WeatherForecast.Api\WeatherForecast.Api.csproj", "{ED8D5D65-13B9-4121-B0D9-246ECD0CA76F}"
EndProject
Project("{FAE04EC0-301F-11D3-BF4B-00C04F79EFBC}") = "WeatherForecast.Api.IntegrationTests", "WeatherForecast.Api.IntegrationTests\WeatherForecast.Api.IntegrationTests.csproj", "{FEA1EF04-C9DF-479C-B599-8AB09D45625E}"
EndProject
Project("{FAE04EC0-301F-11D3-BF4B-00C04F79EFBC}") = "WeatherForecast.Api.UnitTests", "WeatherForecast.Api.UnitTests\WeatherForecast.Api.UnitTests.csproj", "{10FE078D-1BC8-4E33-8CB7-C0DE79889B90}"
EndProject
Global
	GlobalSection(SolutionConfigurationPlatforms) = preSolution
		Debug|Any CPU = Debug|Any CPU
		Release|Any CPU = Release|Any CPU
	EndGlobalSection
	GlobalSection(SolutionProperties) = preSolution
		HideSolutionNode = FALSE
	EndGlobalSection
	GlobalSection(ProjectConfigurationPlatforms) = postSolution
		{ED8D5D65-13B9-4121-B0D9-246ECD0CA76F}.Debug|Any CPU.ActiveCfg = Debug|Any CPU
		{ED8D5D65-13B9-4121-B0D9-246ECD0CA76F}.Debug|Any CPU.Build.0 = Debug|Any CPU
		{ED8D5D65-13B9-4121-B0D9-246ECD0CA76F}.Release|Any CPU.ActiveCfg = Release|Any CPU
		{ED8D5D65-13B9-4121-B0D9-246ECD0CA76F}.Release|Any CPU.Build.0 = Release|Any CPU
		{FEA1EF04-C9DF-479C-B599-8AB09D45625E}.Debug|Any CPU.ActiveCfg = Debug|Any CPU
		{FEA1EF04-C9DF-479C-B599-8AB09D45625E}.Debug|Any CPU.Build.0 = Debug|Any CPU
		{FEA1EF04-C9DF-479C-B599-8AB09D45625E}.Release|Any CPU.ActiveCfg = Release|Any CPU
		{FEA1EF04-C9DF-479C-B599-8AB09D45625E}.Release|Any CPU.Build.0 = Release|Any CPU
		{10FE078D-1BC8-4E33-8CB7-C0DE79889B90}.Debug|Any CPU.ActiveCfg = Debug|Any CPU
		{10FE078D-1BC8-4E33-8CB7-C0DE79889B90}.Debug|Any CPU.Build.0 = Debug|Any CPU
		{10FE078D-1BC8-4E33-8CB7-C0DE79889B90}.Release|Any CPU.ActiveCfg = Release|Any CPU
		{10FE078D-1BC8-4E33-8CB7-C0DE79889B90}.Release|Any CPU.Build.0 = Release|Any CPU
	EndGlobalSection
EndGlobal
